# Generated by buf. DO NOT EDIT.
version: v2
deps:
  - name: buf.build/bufbuild/protovalidate
    commit: 3014d81c3a48461dbcc5b57536699f9e
    digest: b5:04609c7e621c0aaff9164035e5c21d0d47b2af37ed58b311e15c37e9f46610255d71725a78fcca4103f2e03e2b35814667bffa146f8191693a1d502e8a0038b5
  - name: buf.build/googleapis/googleapis
    commit: 8bc2c51e08c447cd8886cdea48a73e14
    digest: b5:b7e0ac9d192bd0eae88160101269550281448c51f25121cd0d51957661a350aab07001bc145fe9029a8da10b99ff000ae5b284ecaca9c75f2a99604a04d9b4ab
  - name: buf.build/stateful/runme
    commit: bc6fb672a1194fe682d804f0c9e22d7d
    digest: b5:8d0d2caf46a85bb5dffa9f642f9f9388ab53109c1726b175c05896bfd4540598d4cf42614fbe6f4d71ad00cccdbd23efeb100496af69f716a988f882e998e89b
