# Generated by buf. DO NOT EDIT.
version: v2
deps:
  - name: buf.build/bufbuild/protovalidate
    commit: 3014d81c3a48461dbcc5b57536699f9e
    digest: b5:04609c7e621c0aaff9164035e5c21d0d47b2af37ed58b311e15c37e9f46610255d71725a78fcca4103f2e03e2b35814667bffa146f8191693a1d502e8a0038b5
  - name: buf.build/googleapis/googleapis
    commit: 8bc2c51e08c447cd8886cdea48a73e14
    digest: b5:b7e0ac9d192bd0eae88160101269550281448c51f25121cd0d51957661a350aab07001bc145fe9029a8da10b99ff000ae5b284ecaca9c75f2a99604a04d9b4ab
  - name: buf.build/stateful/runme
    commit: 2df61af8e02249ca92d92258a6587ad3
    digest: b5:b16f782ff98661e595981aae33593434cf0285c28072130c8f36958db210000c46dde2d104bd67f4b7efc48f43d08fe95b20e6a8553d68f5813db930a311f0c1
