# Generated by buf. DO NOT EDIT.
version: v2
deps:
  - name: buf.build/bufbuild/protovalidate
    commit: 3014d81c3a48461dbcc5b57536699f9e
    digest: b5:04609c7e621c0aaff9164035e5c21d0d47b2af37ed58b311e15c37e9f46610255d71725a78fcca4103f2e03e2b35814667bffa146f8191693a1d502e8a0038b5
  - name: buf.build/googleapis/googleapis
    commit: e7f8d366f5264595bcc4cd4139af9973
    digest: b5:0cd69a689ee320ed815663d57d1bc3a1d6823224a7a717d46fee3a68197c25a6f5f932c0b0e49f8370c70c247a6635969a6a54af5345cafd51e0667298768aca
  - name: buf.build/stateful/runme
    commit: 45813f39881a42538128c8d9757878a4
    digest: b5:669c5838be7211c2fb8a663716813eb19682db4fe1dcec3e076c3aa8579d511aceb9f0ba5016294f205d7ec51bbe8e5bbc45c52bea8a1e01b6fdbc3871c43b5a
